# This file is automatically @generated by Cargo.
# It is not intended for manual editing.
version = 4

[[package]]
name = "dashboard"
version = "0.1.0"

[[package]]
name = "mirage"
version = "0.1.0"

[[package]]
name = "mirage_core"
version = "0.1.0"

[[package]]
name = "rocjitsu"
version = "0.1.0"

[[package]]
name = "rocjitsu_sys"
version = "0.1.0"
